
Microsoft Visual Studio Solution File, Format Version 12.00
Project("{FAE04EC0-301F-11D3-BF4B-00C04F79EFBC}") = "OldAspNetApp", "OldAspNetApp\OldAspNetApp.csproj", "{6856E24E-42F3-4D6C-A177-B3AF7FF67D1E}"
EndProject
Project("{FAE04EC0-301F-11D3-BF4B-00C04F79EFBC}") = "BlazorWasmApp", "BlazorWasmApp\BlazorWasmApp.csproj", "{CEAC856F-6F18-4FDA-91C8-838380946527}"
EndProject
Global
	GlobalSection(SolutionConfigurationPlatforms) = preSolution
		Debug|Any CPU = Debug|Any CPU
		Release|Any CPU = Release|Any CPU
	EndGlobalSection
	GlobalSection(ProjectConfigurationPlatforms) = postSolution
		{6856E24E-42F3-4D6C-A177-B3AF7FF67D1E}.Debug|Any CPU.ActiveCfg = Debug|Any CPU
		{6856E24E-42F3-4D6C-A177-B3AF7FF67D1E}.Debug|Any CPU.Build.0 = Debug|Any CPU
		{6856E24E-42F3-4D6C-A177-B3AF7FF67D1E}.Release|Any CPU.ActiveCfg = Release|Any CPU
		{6856E24E-42F3-4D6C-A177-B3AF7FF67D1E}.Release|Any CPU.Build.0 = Release|Any CPU
		{CEAC856F-6F18-4FDA-91C8-838380946527}.Debug|Any CPU.ActiveCfg = Debug|Any CPU
		{CEAC856F-6F18-4FDA-91C8-838380946527}.Debug|Any CPU.Build.0 = Debug|Any CPU
		{CEAC856F-6F18-4FDA-91C8-838380946527}.Release|Any CPU.ActiveCfg = Release|Any CPU
		{CEAC856F-6F18-4FDA-91C8-838380946527}.Release|Any CPU.Build.0 = Release|Any CPU
	EndGlobalSection
EndGlobal
