
Microsoft Visual Studio Solution File, Format Version 12.00
# Visual Studio Version 17
VisualStudioVersion = 17.5.33627.172
MinimumVisualStudioVersion = 10.0.40219.1
Project("{FAE04EC0-301F-11D3-BF4B-00C04F79EFBC}") = "OldAspNetApp_4_8", "OldAspNetApp_4_8\OldAspNetApp_4_8.csproj", "{AAABE4E0-DDA4-48C7-B2AF-9E4F2FEC3353}"
EndProject
Global
	GlobalSection(SolutionConfigurationPlatforms) = preSolution
		Debug|Any CPU = Debug|Any CPU
		Release|Any CPU = Release|Any CPU
	EndGlobalSection
	GlobalSection(ProjectConfigurationPlatforms) = postSolution
		{AAABE4E0-DDA4-48C7-B2AF-9E4F2FEC3353}.Debug|Any CPU.ActiveCfg = Debug|Any CPU
		{AAABE4E0-DDA4-48C7-B2AF-9E4F2FEC3353}.Debug|Any CPU.Build.0 = Debug|Any CPU
		{AAABE4E0-DDA4-48C7-B2AF-9E4F2FEC3353}.Release|Any CPU.ActiveCfg = Release|Any CPU
		{AAABE4E0-DDA4-48C7-B2AF-9E4F2FEC3353}.Release|Any CPU.Build.0 = Release|Any CPU
	EndGlobalSection
	GlobalSection(SolutionProperties) = preSolution
		HideSolutionNode = FALSE
	EndGlobalSection
	GlobalSection(ExtensibilityGlobals) = postSolution
		SolutionGuid = {FD063209-9577-461C-8D3E-020184560157}
	EndGlobalSection
EndGlobal
